<?xml version="1.0" encoding="UTF-8" standalone="yes" ?>
<CodeBlocks_project_file>
	<FileVersion major="1" minor="6" />
	<Project>
		<Option title="HickVisionConfigurer" />
		<Option pch_mode="2" />
		<Option compiler="gcc" />
		<Build>
			<Target title="Debug">
				<Option output="bin/Debug/HickVisionConfigurer" prefix_auto="1" extension_auto="1" />
				<Option object_output="obj/Debug/" />
				<Option type="1" />
				<Option compiler="gcc" />
				<Compiler>
					<Add option="-g" />
					<Add directory="../../HICKVISION/incEn" />
				</Compiler>
				<Linker>
					<Add library="../../HICKVISION/lib/GdiPlus.lib" />
					<Add library="../../HICKVISION/lib/HCCore.lib" />
					<Add library="../../HICKVISION/lib/HCNetSDK.lib" />
					<Add library="../../HICKVISION/lib/PlayCtrl.lib" />
					<Add library="../../HICKVISION/lib/HCNetSDKCom/HCAlarm.lib" />
					<Add library="../../HICKVISION/lib/HCNetSDKCom/HCGeneralCfgMgr.lib" />
					<Add library="../../HICKVISION/lib/HCNetSDKCom/HCPreview.lib" />
					<Add directory="../../HICKVISION/lib" />
					<Add directory="../../HICKVISION/lib/HCNetSDKCom" />
				</Linker>
			</Target>
			<Target title="Release">
				<Option output="bin/Release/HickVisionConfigurer" prefix_auto="1" extension_auto="1" />
				<Option object_output="obj/Release/" />
				<Option type="1" />
				<Option compiler="gcc" />
				<Compiler>
					<Add option="-O2" />
					<Add directory="../../HICKVISION/incEn" />
				</Compiler>
				<Linker>
					<Add option="-s" />
					<Add library="../../HICKVISION/lib/HCNetSDKCom/HCAlarm.lib" />
					<Add library="../../HICKVISION/lib/HCNetSDKCom/HCGeneralCfgMgr.lib" />
					<Add library="../../HICKVISION/lib/HCNetSDKCom/HCPreview.lib" />
					<Add library="../../HICKVISION/lib/GdiPlus.lib" />
					<Add library="../../HICKVISION/lib/HCCore.lib" />
					<Add library="../../HICKVISION/lib/HCNetSDK.lib" />
					<Add library="../../HICKVISION/lib/PlayCtrl.lib" />
					<Add directory="../../HICKVISION/lib" />
					<Add directory="../../HICKVISION/lib/HCNetSDKCom" />
				</Linker>
			</Target>
		</Build>
		<Compiler>
			<Add option="-Wall" />
			<Add option="-fexceptions" />
		</Compiler>
		<Linker>
			<Add library="../../HICKVISION/lib/HCNetSDKCom/HCGeneralCfgMgr.lib" />
		</Linker>
		<Unit filename="main.cpp" />
		<Extensions>
			<code_completion />
			<envvars />
			<debugger />
		</Extensions>
	</Project>
</CodeBlocks_project_file>
